
Microsoft Visual Studio Solution File, Format Version 12.00
# Visual Studio Version 17
Project("{2150E333-8FDC-42A3-9474-1A3956D46DE8}") = "CMakePredefinedTargets", "CMakePredefinedTargets", "{0DCC22FE-5563-30E9-B1C6-482FC81E59D8}"
EndProject
Project("{2150E333-8FDC-42A3-9474-1A3956D46DE8}") = "GLFW3", "GLFW3", "{82C2A9A8-9F9F-387C-BF7D-D83A90BEDF67}"
EndProject
Project("{8BC9CEB8-8B4A-11D0-8D11-00A0C91BC942}") = "ALL_BUILD", "ALL_BUILD.vcxproj", "{B10AFEB3-FA5E-3584-997A-592C7B80A91F}"
	ProjectSection(ProjectDependencies) = postProject
		{1FD1445E-146C-3B74-A716-10760A69CFF7} = {1FD1445E-146C-3B74-A716-10760A69CFF7}
		{DA5D5A0A-7041-30AA-A31E-679ADFE27BD7} = {DA5D5A0A-7041-30AA-A31E-679ADFE27BD7}
		{7D17458B-C604-3E0F-9C5D-70B55912F992} = {7D17458B-C604-3E0F-9C5D-70B55912F992}
		{DAB2E1CE-1B1E-381D-8B95-5893AF07615E} = {DAB2E1CE-1B1E-381D-8B95-5893AF07615E}
		{3A539DE3-4708-3A86-AC79-1D13F100C0B8} = {3A539DE3-4708-3A86-AC79-1D13F100C0B8}
		{2B2E4950-A0BA-309E-BE4B-BD6A9FD45244} = {2B2E4950-A0BA-309E-BE4B-BD6A9FD45244}
	EndProjectSection
EndProject
Project("{8BC9CEB8-8B4A-11D0-8D11-00A0C91BC942}") = "GotMilkedEngine", "GotMilkedEngine.vcxproj", "{1FD1445E-146C-3B74-A716-10760A69CFF7}"
	ProjectSection(ProjectDependencies) = postProject
		{7D17458B-C604-3E0F-9C5D-70B55912F992} = {7D17458B-C604-3E0F-9C5D-70B55912F992}
		{DAB2E1CE-1B1E-381D-8B95-5893AF07615E} = {DAB2E1CE-1B1E-381D-8B95-5893AF07615E}
		{3A539DE3-4708-3A86-AC79-1D13F100C0B8} = {3A539DE3-4708-3A86-AC79-1D13F100C0B8}
		{2B2E4950-A0BA-309E-BE4B-BD6A9FD45244} = {2B2E4950-A0BA-309E-BE4B-BD6A9FD45244}
	EndProjectSection
EndProject
Project("{8BC9CEB8-8B4A-11D0-8D11-00A0C91BC942}") = "GotMilked", "apps\GotMilked\GotMilked.vcxproj", "{DA5D5A0A-7041-30AA-A31E-679ADFE27BD7}"
	ProjectSection(ProjectDependencies) = postProject
		{1FD1445E-146C-3B74-A716-10760A69CFF7} = {1FD1445E-146C-3B74-A716-10760A69CFF7}
		{7D17458B-C604-3E0F-9C5D-70B55912F992} = {7D17458B-C604-3E0F-9C5D-70B55912F992}
		{DAB2E1CE-1B1E-381D-8B95-5893AF07615E} = {DAB2E1CE-1B1E-381D-8B95-5893AF07615E}
		{3A539DE3-4708-3A86-AC79-1D13F100C0B8} = {3A539DE3-4708-3A86-AC79-1D13F100C0B8}
		{2B2E4950-A0BA-309E-BE4B-BD6A9FD45244} = {2B2E4950-A0BA-309E-BE4B-BD6A9FD45244}
	EndProjectSection
EndProject
Project("{8BC9CEB8-8B4A-11D0-8D11-00A0C91BC942}") = "INSTALL", "INSTALL.vcxproj", "{D79AC8E5-337B-3A17-B56C-44E8DBDE383B}"
	ProjectSection(ProjectDependencies) = postProject
		{B10AFEB3-FA5E-3584-997A-592C7B80A91F} = {B10AFEB3-FA5E-3584-997A-592C7B80A91F}
		{7D17458B-C604-3E0F-9C5D-70B55912F992} = {7D17458B-C604-3E0F-9C5D-70B55912F992}
	EndProjectSection
EndProject
Project("{8BC9CEB8-8B4A-11D0-8D11-00A0C91BC942}") = "ZERO_CHECK", "ZERO_CHECK.vcxproj", "{7D17458B-C604-3E0F-9C5D-70B55912F992}"
	ProjectSection(ProjectDependencies) = postProject
	EndProjectSection
EndProject
Project("{8BC9CEB8-8B4A-11D0-8D11-00A0C91BC942}") = "glad", "_deps\glad-build\glad.vcxproj", "{DAB2E1CE-1B1E-381D-8B95-5893AF07615E}"
	ProjectSection(ProjectDependencies) = postProject
		{7D17458B-C604-3E0F-9C5D-70B55912F992} = {7D17458B-C604-3E0F-9C5D-70B55912F992}
		{B995F2C1-5928-376E-B280-985EAB58D0C2} = {B995F2C1-5928-376E-B280-985EAB58D0C2}
	EndProjectSection
EndProject
Project("{8BC9CEB8-8B4A-11D0-8D11-00A0C91BC942}") = "glad-generate-files", "_deps\glad-build\glad-generate-files.vcxproj", "{B995F2C1-5928-376E-B280-985EAB58D0C2}"
	ProjectSection(ProjectDependencies) = postProject
		{7D17458B-C604-3E0F-9C5D-70B55912F992} = {7D17458B-C604-3E0F-9C5D-70B55912F992}
	EndProjectSection
EndProject
Project("{8BC9CEB8-8B4A-11D0-8D11-00A0C91BC942}") = "glfw", "_deps\glfw-build\src\glfw.vcxproj", "{3A539DE3-4708-3A86-AC79-1D13F100C0B8}"
	ProjectSection(ProjectDependencies) = postProject
		{7D17458B-C604-3E0F-9C5D-70B55912F992} = {7D17458B-C604-3E0F-9C5D-70B55912F992}
	EndProjectSection
EndProject
Project("{8BC9CEB8-8B4A-11D0-8D11-00A0C91BC942}") = "glm", "_deps\glm-build\glm\glm.vcxproj", "{2B2E4950-A0BA-309E-BE4B-BD6A9FD45244}"
	ProjectSection(ProjectDependencies) = postProject
		{7D17458B-C604-3E0F-9C5D-70B55912F992} = {7D17458B-C604-3E0F-9C5D-70B55912F992}
	EndProjectSection
EndProject
Project("{8BC9CEB8-8B4A-11D0-8D11-00A0C91BC942}") = "uninstall", "_deps\glfw-build\uninstall.vcxproj", "{F83C17B3-1F25-30B7-B21A-436890DDD6CB}"
	ProjectSection(ProjectDependencies) = postProject
		{7D17458B-C604-3E0F-9C5D-70B55912F992} = {7D17458B-C604-3E0F-9C5D-70B55912F992}
	EndProjectSection
EndProject
Project("{8BC9CEB8-8B4A-11D0-8D11-00A0C91BC942}") = "update_mappings", "_deps\glfw-build\src\update_mappings.vcxproj", "{70EA8554-EABB-348D-9512-59354B7FE4BE}"
	ProjectSection(ProjectDependencies) = postProject
		{7D17458B-C604-3E0F-9C5D-70B55912F992} = {7D17458B-C604-3E0F-9C5D-70B55912F992}
	EndProjectSection
EndProject
Global
	GlobalSection(SolutionConfigurationPlatforms) = preSolution
		Debug|x64 = Debug|x64
		Release|x64 = Release|x64
		MinSizeRel|x64 = MinSizeRel|x64
		RelWithDebInfo|x64 = RelWithDebInfo|x64
	EndGlobalSection
	GlobalSection(ProjectConfigurationPlatforms) = postSolution
		{B10AFEB3-FA5E-3584-997A-592C7B80A91F}.Debug|x64.ActiveCfg = Debug|x64
		{B10AFEB3-FA5E-3584-997A-592C7B80A91F}.Debug|x64.Build.0 = Debug|x64
		{B10AFEB3-FA5E-3584-997A-592C7B80A91F}.Release|x64.ActiveCfg = Release|x64
		{B10AFEB3-FA5E-3584-997A-592C7B80A91F}.Release|x64.Build.0 = Release|x64
		{B10AFEB3-FA5E-3584-997A-592C7B80A91F}.MinSizeRel|x64.ActiveCfg = MinSizeRel|x64
		{B10AFEB3-FA5E-3584-997A-592C7B80A91F}.MinSizeRel|x64.Build.0 = MinSizeRel|x64
		{B10AFEB3-FA5E-3584-997A-592C7B80A91F}.RelWithDebInfo|x64.ActiveCfg = RelWithDebInfo|x64
		{B10AFEB3-FA5E-3584-997A-592C7B80A91F}.RelWithDebInfo|x64.Build.0 = RelWithDebInfo|x64
		{1FD1445E-146C-3B74-A716-10760A69CFF7}.Debug|x64.ActiveCfg = Debug|x64
		{1FD1445E-146C-3B74-A716-10760A69CFF7}.Debug|x64.Build.0 = Debug|x64
		{1FD1445E-146C-3B74-A716-10760A69CFF7}.Release|x64.ActiveCfg = Release|x64
		{1FD1445E-146C-3B74-A716-10760A69CFF7}.Release|x64.Build.0 = Release|x64
		{1FD1445E-146C-3B74-A716-10760A69CFF7}.MinSizeRel|x64.ActiveCfg = MinSizeRel|x64
		{1FD1445E-146C-3B74-A716-10760A69CFF7}.MinSizeRel|x64.Build.0 = MinSizeRel|x64
		{1FD1445E-146C-3B74-A716-10760A69CFF7}.RelWithDebInfo|x64.ActiveCfg = RelWithDebInfo|x64
		{1FD1445E-146C-3B74-A716-10760A69CFF7}.RelWithDebInfo|x64.Build.0 = RelWithDebInfo|x64
		{DA5D5A0A-7041-30AA-A31E-679ADFE27BD7}.Debug|x64.ActiveCfg = Debug|x64
		{DA5D5A0A-7041-30AA-A31E-679ADFE27BD7}.Debug|x64.Build.0 = Debug|x64
		{DA5D5A0A-7041-30AA-A31E-679ADFE27BD7}.Release|x64.ActiveCfg = Release|x64
		{DA5D5A0A-7041-30AA-A31E-679ADFE27BD7}.Release|x64.Build.0 = Release|x64
		{DA5D5A0A-7041-30AA-A31E-679ADFE27BD7}.MinSizeRel|x64.ActiveCfg = MinSizeRel|x64
		{DA5D5A0A-7041-30AA-A31E-679ADFE27BD7}.MinSizeRel|x64.Build.0 = MinSizeRel|x64
		{DA5D5A0A-7041-30AA-A31E-679ADFE27BD7}.RelWithDebInfo|x64.ActiveCfg = RelWithDebInfo|x64
		{DA5D5A0A-7041-30AA-A31E-679ADFE27BD7}.RelWithDebInfo|x64.Build.0 = RelWithDebInfo|x64
		{D79AC8E5-337B-3A17-B56C-44E8DBDE383B}.Debug|x64.ActiveCfg = Debug|x64
		{D79AC8E5-337B-3A17-B56C-44E8DBDE383B}.Release|x64.ActiveCfg = Release|x64
		{D79AC8E5-337B-3A17-B56C-44E8DBDE383B}.MinSizeRel|x64.ActiveCfg = MinSizeRel|x64
		{D79AC8E5-337B-3A17-B56C-44E8DBDE383B}.RelWithDebInfo|x64.ActiveCfg = RelWithDebInfo|x64
		{7D17458B-C604-3E0F-9C5D-70B55912F992}.Debug|x64.ActiveCfg = Debug|x64
		{7D17458B-C604-3E0F-9C5D-70B55912F992}.Debug|x64.Build.0 = Debug|x64
		{7D17458B-C604-3E0F-9C5D-70B55912F992}.Release|x64.ActiveCfg = Release|x64
		{7D17458B-C604-3E0F-9C5D-70B55912F992}.Release|x64.Build.0 = Release|x64
		{7D17458B-C604-3E0F-9C5D-70B55912F992}.MinSizeRel|x64.ActiveCfg = MinSizeRel|x64
		{7D17458B-C604-3E0F-9C5D-70B55912F992}.MinSizeRel|x64.Build.0 = MinSizeRel|x64
		{7D17458B-C604-3E0F-9C5D-70B55912F992}.RelWithDebInfo|x64.ActiveCfg = RelWithDebInfo|x64
		{7D17458B-C604-3E0F-9C5D-70B55912F992}.RelWithDebInfo|x64.Build.0 = RelWithDebInfo|x64
		{DAB2E1CE-1B1E-381D-8B95-5893AF07615E}.Debug|x64.ActiveCfg = Debug|x64
		{DAB2E1CE-1B1E-381D-8B95-5893AF07615E}.Debug|x64.Build.0 = Debug|x64
		{DAB2E1CE-1B1E-381D-8B95-5893AF07615E}.Release|x64.ActiveCfg = Release|x64
		{DAB2E1CE-1B1E-381D-8B95-5893AF07615E}.Release|x64.Build.0 = Release|x64
		{DAB2E1CE-1B1E-381D-8B95-5893AF07615E}.MinSizeRel|x64.ActiveCfg = MinSizeRel|x64
		{DAB2E1CE-1B1E-381D-8B95-5893AF07615E}.MinSizeRel|x64.Build.0 = MinSizeRel|x64
		{DAB2E1CE-1B1E-381D-8B95-5893AF07615E}.RelWithDebInfo|x64.ActiveCfg = RelWithDebInfo|x64
		{DAB2E1CE-1B1E-381D-8B95-5893AF07615E}.RelWithDebInfo|x64.Build.0 = RelWithDebInfo|x64
		{B995F2C1-5928-376E-B280-985EAB58D0C2}.Debug|x64.ActiveCfg = Debug|x64
		{B995F2C1-5928-376E-B280-985EAB58D0C2}.Debug|x64.Build.0 = Debug|x64
		{B995F2C1-5928-376E-B280-985EAB58D0C2}.Release|x64.ActiveCfg = Release|x64
		{B995F2C1-5928-376E-B280-985EAB58D0C2}.Release|x64.Build.0 = Release|x64
		{B995F2C1-5928-376E-B280-985EAB58D0C2}.MinSizeRel|x64.ActiveCfg = MinSizeRel|x64
		{B995F2C1-5928-376E-B280-985EAB58D0C2}.MinSizeRel|x64.Build.0 = MinSizeRel|x64
		{B995F2C1-5928-376E-B280-985EAB58D0C2}.RelWithDebInfo|x64.ActiveCfg = RelWithDebInfo|x64
		{B995F2C1-5928-376E-B280-985EAB58D0C2}.RelWithDebInfo|x64.Build.0 = RelWithDebInfo|x64
		{3A539DE3-4708-3A86-AC79-1D13F100C0B8}.Debug|x64.ActiveCfg = Debug|x64
		{3A539DE3-4708-3A86-AC79-1D13F100C0B8}.Debug|x64.Build.0 = Debug|x64
		{3A539DE3-4708-3A86-AC79-1D13F100C0B8}.Release|x64.ActiveCfg = Release|x64
		{3A539DE3-4708-3A86-AC79-1D13F100C0B8}.Release|x64.Build.0 = Release|x64
		{3A539DE3-4708-3A86-AC79-1D13F100C0B8}.MinSizeRel|x64.ActiveCfg = MinSizeRel|x64
		{3A539DE3-4708-3A86-AC79-1D13F100C0B8}.MinSizeRel|x64.Build.0 = MinSizeRel|x64
		{3A539DE3-4708-3A86-AC79-1D13F100C0B8}.RelWithDebInfo|x64.ActiveCfg = RelWithDebInfo|x64
		{3A539DE3-4708-3A86-AC79-1D13F100C0B8}.RelWithDebInfo|x64.Build.0 = RelWithDebInfo|x64
		{2B2E4950-A0BA-309E-BE4B-BD6A9FD45244}.Debug|x64.ActiveCfg = Debug|x64
		{2B2E4950-A0BA-309E-BE4B-BD6A9FD45244}.Debug|x64.Build.0 = Debug|x64
		{2B2E4950-A0BA-309E-BE4B-BD6A9FD45244}.Release|x64.ActiveCfg = Release|x64
		{2B2E4950-A0BA-309E-BE4B-BD6A9FD45244}.Release|x64.Build.0 = Release|x64
		{2B2E4950-A0BA-309E-BE4B-BD6A9FD45244}.MinSizeRel|x64.ActiveCfg = MinSizeRel|x64
		{2B2E4950-A0BA-309E-BE4B-BD6A9FD45244}.MinSizeRel|x64.Build.0 = MinSizeRel|x64
		{2B2E4950-A0BA-309E-BE4B-BD6A9FD45244}.RelWithDebInfo|x64.ActiveCfg = RelWithDebInfo|x64
		{2B2E4950-A0BA-309E-BE4B-BD6A9FD45244}.RelWithDebInfo|x64.Build.0 = RelWithDebInfo|x64
		{F83C17B3-1F25-30B7-B21A-436890DDD6CB}.Debug|x64.ActiveCfg = Debug|x64
		{F83C17B3-1F25-30B7-B21A-436890DDD6CB}.Release|x64.ActiveCfg = Release|x64
		{F83C17B3-1F25-30B7-B21A-436890DDD6CB}.MinSizeRel|x64.ActiveCfg = MinSizeRel|x64
		{F83C17B3-1F25-30B7-B21A-436890DDD6CB}.RelWithDebInfo|x64.ActiveCfg = RelWithDebInfo|x64
		{70EA8554-EABB-348D-9512-59354B7FE4BE}.Debug|x64.ActiveCfg = Debug|x64
		{70EA8554-EABB-348D-9512-59354B7FE4BE}.Release|x64.ActiveCfg = Release|x64
		{70EA8554-EABB-348D-9512-59354B7FE4BE}.MinSizeRel|x64.ActiveCfg = MinSizeRel|x64
		{70EA8554-EABB-348D-9512-59354B7FE4BE}.RelWithDebInfo|x64.ActiveCfg = RelWithDebInfo|x64
	EndGlobalSection
	GlobalSection(NestedProjects) = preSolution
		{B10AFEB3-FA5E-3584-997A-592C7B80A91F} = {0DCC22FE-5563-30E9-B1C6-482FC81E59D8}
		{D79AC8E5-337B-3A17-B56C-44E8DBDE383B} = {0DCC22FE-5563-30E9-B1C6-482FC81E59D8}
		{7D17458B-C604-3E0F-9C5D-70B55912F992} = {0DCC22FE-5563-30E9-B1C6-482FC81E59D8}
		{3A539DE3-4708-3A86-AC79-1D13F100C0B8} = {82C2A9A8-9F9F-387C-BF7D-D83A90BEDF67}
		{F83C17B3-1F25-30B7-B21A-436890DDD6CB} = {82C2A9A8-9F9F-387C-BF7D-D83A90BEDF67}
		{70EA8554-EABB-348D-9512-59354B7FE4BE} = {82C2A9A8-9F9F-387C-BF7D-D83A90BEDF67}
	EndGlobalSection
	GlobalSection(ExtensibilityGlobals) = postSolution
		SolutionGuid = {09081DE7-91C6-3264-BBB0-3A946FE7C93C}
	EndGlobalSection
	GlobalSection(ExtensibilityAddIns) = postSolution
	EndGlobalSection
EndGlobal
